
Microsoft Visual Studio Solution File, Format Version 12.00
# Visual Studio Version 16
VisualStudioVersion = 16.0.31911.196
MinimumVisualStudioVersion = 10.0.40219.1
Project("{FAE04EC0-301F-11D3-BF4B-00C04F79EFBC}") = "exo2", "exo2.csproj", "{B347E9FD-4B0B-4F48-9608-1FAC2863E0B6}"
EndProject
Global
	GlobalSection(SolutionConfigurationPlatforms) = preSolution
		Debug|Any CPU = Debug|Any CPU
		Release|Any CPU = Release|Any CPU
	EndGlobalSection
	GlobalSection(ProjectConfigurationPlatforms) = postSolution
		{B347E9FD-4B0B-4F48-9608-1FAC2863E0B6}.Debug|Any CPU.ActiveCfg = Debug|Any CPU
		{B347E9FD-4B0B-4F48-9608-1FAC2863E0B6}.Debug|Any CPU.Build.0 = Debug|Any CPU
		{B347E9FD-4B0B-4F48-9608-1FAC2863E0B6}.Release|Any CPU.ActiveCfg = Release|Any CPU
		{B347E9FD-4B0B-4F48-9608-1FAC2863E0B6}.Release|Any CPU.Build.0 = Release|Any CPU
	EndGlobalSection
	GlobalSection(SolutionProperties) = preSolution
		HideSolutionNode = FALSE
	EndGlobalSection
	GlobalSection(ExtensibilityGlobals) = postSolution
		SolutionGuid = {72916666-7151-4FE2-9AE0-3C43D8CB8AB9}
	EndGlobalSection
EndGlobal
