
Microsoft Visual Studio Solution File, Format Version 12.00
# Visual Studio Version 16
VisualStudioVersion = 16.0.31911.196
MinimumVisualStudioVersion = 10.0.40219.1
Project("{FAE04EC0-301F-11D3-BF4B-00C04F79EFBC}") = "exo3", "exo3.csproj", "{7225E07E-DC78-4A46-848C-AD96F1F2AC51}"
EndProject
Global
	GlobalSection(SolutionConfigurationPlatforms) = preSolution
		Debug|Any CPU = Debug|Any CPU
		Release|Any CPU = Release|Any CPU
	EndGlobalSection
	GlobalSection(ProjectConfigurationPlatforms) = postSolution
		{7225E07E-DC78-4A46-848C-AD96F1F2AC51}.Debug|Any CPU.ActiveCfg = Debug|Any CPU
		{7225E07E-DC78-4A46-848C-AD96F1F2AC51}.Debug|Any CPU.Build.0 = Debug|Any CPU
		{7225E07E-DC78-4A46-848C-AD96F1F2AC51}.Release|Any CPU.ActiveCfg = Release|Any CPU
		{7225E07E-DC78-4A46-848C-AD96F1F2AC51}.Release|Any CPU.Build.0 = Release|Any CPU
	EndGlobalSection
	GlobalSection(SolutionProperties) = preSolution
		HideSolutionNode = FALSE
	EndGlobalSection
	GlobalSection(ExtensibilityGlobals) = postSolution
		SolutionGuid = {6A8AD479-CE96-4B3F-B5B2-95EE91F9943C}
	EndGlobalSection
EndGlobal
