
Microsoft Visual Studio Solution File, Format Version 12.00
# Visual Studio Version 16
VisualStudioVersion = 16.0.31911.196
MinimumVisualStudioVersion = 10.0.40219.1
Project("{FAE04EC0-301F-11D3-BF4B-00C04F79EFBC}") = "exo5", "exo5.csproj", "{227A50F1-87F3-462E-A406-8F1EC3F97A6F}"
EndProject
Global
	GlobalSection(SolutionConfigurationPlatforms) = preSolution
		Debug|Any CPU = Debug|Any CPU
		Release|Any CPU = Release|Any CPU
	EndGlobalSection
	GlobalSection(ProjectConfigurationPlatforms) = postSolution
		{227A50F1-87F3-462E-A406-8F1EC3F97A6F}.Debug|Any CPU.ActiveCfg = Debug|Any CPU
		{227A50F1-87F3-462E-A406-8F1EC3F97A6F}.Debug|Any CPU.Build.0 = Debug|Any CPU
		{227A50F1-87F3-462E-A406-8F1EC3F97A6F}.Release|Any CPU.ActiveCfg = Release|Any CPU
		{227A50F1-87F3-462E-A406-8F1EC3F97A6F}.Release|Any CPU.Build.0 = Release|Any CPU
	EndGlobalSection
	GlobalSection(SolutionProperties) = preSolution
		HideSolutionNode = FALSE
	EndGlobalSection
	GlobalSection(ExtensibilityGlobals) = postSolution
		SolutionGuid = {64B3DE6F-B4B1-4D66-A333-2164B2ECB9C8}
	EndGlobalSection
EndGlobal
