
Microsoft Visual Studio Solution File, Format Version 12.00
# Visual Studio Version 17
VisualStudioVersion = 17.1.32210.238
MinimumVisualStudioVersion = 10.0.40219.1
Project("{FAE04EC0-301F-11D3-BF4B-00C04F79EFBC}") = "WpfApp2", "WpfApp2\WpfApp2.csproj", "{632B61E2-F44E-4EA9-AB83-548B53AD10B6}"
EndProject
Global
	GlobalSection(SolutionConfigurationPlatforms) = preSolution
		Debug|Any CPU = Debug|Any CPU
		Release|Any CPU = Release|Any CPU
	EndGlobalSection
	GlobalSection(ProjectConfigurationPlatforms) = postSolution
		{632B61E2-F44E-4EA9-AB83-548B53AD10B6}.Debug|Any CPU.ActiveCfg = Debug|Any CPU
		{632B61E2-F44E-4EA9-AB83-548B53AD10B6}.Debug|Any CPU.Build.0 = Debug|Any CPU
		{632B61E2-F44E-4EA9-AB83-548B53AD10B6}.Release|Any CPU.ActiveCfg = Release|Any CPU
		{632B61E2-F44E-4EA9-AB83-548B53AD10B6}.Release|Any CPU.Build.0 = Release|Any CPU
	EndGlobalSection
	GlobalSection(SolutionProperties) = preSolution
		HideSolutionNode = FALSE
	EndGlobalSection
	GlobalSection(ExtensibilityGlobals) = postSolution
		SolutionGuid = {7FC6E1DF-6FC0-4A07-8B5A-B5F2AC4EFFA4}
	EndGlobalSection
EndGlobal
